
Microsoft Visual Studio Solution File, Format Version 12.00
# Visual Studio Version 17
VisualStudioVersion = 17.5.33414.496
MinimumVisualStudioVersion = 10.0.40219.1
Project("{FAE04EC0-301F-11D3-BF4B-00C04F79EFBC}") = "CommandLineBattleship", "CommandLineBattleship\CommandLineBattleship.csproj", "{4892770B-B6C5-4622-8CFB-65E79959363D}"
EndProject
Project("{9A19103F-16F7-4668-BE54-9A1E7A4F7556}") = "BattleshipGameEngine", "BattleshipGameEngine\BattleshipGameEngine.csproj", "{5B39B668-9F92-454E-B843-652245F7570E}"
EndProject
Global
	GlobalSection(SolutionConfigurationPlatforms) = preSolution
		Debug|Any CPU = Debug|Any CPU
		Release|Any CPU = Release|Any CPU
	EndGlobalSection
	GlobalSection(ProjectConfigurationPlatforms) = postSolution
		{4892770B-B6C5-4622-8CFB-65E79959363D}.Debug|Any CPU.ActiveCfg = Debug|Any CPU
		{4892770B-B6C5-4622-8CFB-65E79959363D}.Debug|Any CPU.Build.0 = Debug|Any CPU
		{4892770B-B6C5-4622-8CFB-65E79959363D}.Release|Any CPU.ActiveCfg = Release|Any CPU
		{4892770B-B6C5-4622-8CFB-65E79959363D}.Release|Any CPU.Build.0 = Release|Any CPU
		{5B39B668-9F92-454E-B843-652245F7570E}.Debug|Any CPU.ActiveCfg = Debug|Any CPU
		{5B39B668-9F92-454E-B843-652245F7570E}.Debug|Any CPU.Build.0 = Debug|Any CPU
		{5B39B668-9F92-454E-B843-652245F7570E}.Release|Any CPU.ActiveCfg = Release|Any CPU
		{5B39B668-9F92-454E-B843-652245F7570E}.Release|Any CPU.Build.0 = Release|Any CPU
	EndGlobalSection
	GlobalSection(SolutionProperties) = preSolution
		HideSolutionNode = FALSE
	EndGlobalSection
	GlobalSection(ExtensibilityGlobals) = postSolution
		SolutionGuid = {2BB0E20A-3D89-4FAE-A00D-795B18BF4F4A}
	EndGlobalSection
EndGlobal
